// !$*UTF8*$!
{
	archiveVersion = 1;
	classes = {
	};
	objectVersion = 56;
	objects = {

/* Begin PBXBuildFile section */
		016DAE822A8A273A00D53F57 /* FirebaseAuth in Frameworks */ = {isa = PBXBuildFile; productRef = 016DAE812A8A273A00D53F57 /* FirebaseAuth */; };
		016DAE842A8A273A00D53F57 /* FirebaseDatabase in Frameworks */ = {isa = PBXBuildFile; productRef = 016DAE832A8A273A00D53F57 /* FirebaseDatabase */; };
		016DAE862A8A273A00D53F57 /* FirebaseDatabaseSwift in Frameworks */ = {isa = PBXBuildFile; productRef = 016DAE852A8A273A00D53F57 /* FirebaseDatabaseSwift */; };
		016DAE882A8A273A00D53F57 /* FirebaseFirestore in Frameworks */ = {isa = PBXBuildFile; productRef = 016DAE872A8A273A00D53F57 /* FirebaseFirestore */; };
		016DAE8A2A8A273A00D53F57 /* FirebaseFirestoreSwift in Frameworks */ = {isa = PBXBuildFile; productRef = 016DAE892A8A273A00D53F57 /* FirebaseFirestoreSwift */; };
		016DAE8C2A8A273A00D53F57 /* FirebaseStorage in Frameworks */ = {isa = PBXBuildFile; productRef = 016DAE8B2A8A273A00D53F57 /* FirebaseStorage */; };
		016DAE8E2A8A273A00D53F57 /* FirebaseStorageCombine-Community in Frameworks */ = {isa = PBXBuildFile; productRef = 016DAE8D2A8A273A00D53F57 /* FirebaseStorageCombine-Community */; };
		01A7900B2A75426E009E89AE /* BaseVC.swift in Sources */ = {isa = PBXBuildFile; fileRef = 01A7900A2A75426E009E89AE /* BaseVC.swift */; };
		01A790102A755FBA009E89AE /* Dependencies.swift in Sources */ = {isa = PBXBuildFile; fileRef = 01A7900F2A755FBA009E89AE /* Dependencies.swift */; };
		01A790132A755FE0009E89AE /* KeychainService.swift in Sources */ = {isa = PBXBuildFile; fileRef = 01A790122A755FE0009E89AE /* KeychainService.swift */; };
		01A790162A756012009E89AE /* DefaultRouter.swift in Sources */ = {isa = PBXBuildFile; fileRef = 01A790152A756012009E89AE /* DefaultRouter.swift */; };
		01A790192A756039009E89AE /* Presentable.swift in Sources */ = {isa = PBXBuildFile; fileRef = 01A790182A756039009E89AE /* Presentable.swift */; };
		01A7901B2A75604C009E89AE /* Routable.swift in Sources */ = {isa = PBXBuildFile; fileRef = 01A7901A2A75604C009E89AE /* Routable.swift */; };
		01A7901E2A756077009E89AE /* DefaultScreensFactory.swift in Sources */ = {isa = PBXBuildFile; fileRef = 01A7901D2A756077009E89AE /* DefaultScreensFactory.swift */; };
		01A790212A7560C7009E89AE /* StartPagePresenter.swift in Sources */ = {isa = PBXBuildFile; fileRef = 01A790202A7560C7009E89AE /* StartPagePresenter.swift */; };
		01A790232A7560D7009E89AE /* StartPageVC.swift in Sources */ = {isa = PBXBuildFile; fileRef = 01A790222A7560D7009E89AE /* StartPageVC.swift */; };
		01A790262A7560F9009E89AE /* KeychainSwift in Frameworks */ = {isa = PBXBuildFile; productRef = 01A790252A7560F9009E89AE /* KeychainSwift */; };
		01A790292A7564D1009E89AE /* StartPageModels.swift in Sources */ = {isa = PBXBuildFile; fileRef = 01A790282A7564D1009E89AE /* StartPageModels.swift */; };
		01A7902C2A75691C009E89AE /* UIView+pin.swift in Sources */ = {isa = PBXBuildFile; fileRef = 01A7902B2A75691C009E89AE /* UIView+pin.swift */; };
		01A7902F2A7569C5009E89AE /* UIView+sizeConstraints.swift in Sources */ = {isa = PBXBuildFile; fileRef = 01A7902E2A7569C5009E89AE /* UIView+sizeConstraints.swift */; };
		01A790312A756BA4009E89AE /* UIView+addSubviews.swift in Sources */ = {isa = PBXBuildFile; fileRef = 01A790302A756BA4009E89AE /* UIView+addSubviews.swift */; };
		01A790332A756BD8009E89AE /* UIStackView+addArrangedSubviews.swift in Sources */ = {isa = PBXBuildFile; fileRef = 01A790322A756BD8009E89AE /* UIStackView+addArrangedSubviews.swift */; };
		01A790352A756D3C009E89AE /* prepareForAutolayout.swift in Sources */ = {isa = PBXBuildFile; fileRef = 01A790342A756D3C009E89AE /* prepareForAutolayout.swift */; };
		01A790382A7598FA009E89AE /* VariantButton.swift in Sources */ = {isa = PBXBuildFile; fileRef = 01A790372A7598FA009E89AE /* VariantButton.swift */; };
		01A7903F2A759B80009E89AE /* AppColors.swift in Sources */ = {isa = PBXBuildFile; fileRef = 01A7903E2A759B80009E89AE /* AppColors.swift */; };
		01A790412A761C37009E89AE /* SubmitButton.swift in Sources */ = {isa = PBXBuildFile; fileRef = 01A790402A761C37009E89AE /* SubmitButton.swift */; };
		01A790452A76866B009E89AE /* BetsPageVC.swift in Sources */ = {isa = PBXBuildFile; fileRef = 01A790442A76866B009E89AE /* BetsPageVC.swift */; };
		01A790472A7686A0009E89AE /* BetsPagePresenter.swift in Sources */ = {isa = PBXBuildFile; fileRef = 01A790462A7686A0009E89AE /* BetsPagePresenter.swift */; };
		01A790492A768935009E89AE /* UIControl+interaction.swift in Sources */ = {isa = PBXBuildFile; fileRef = 01A790482A768935009E89AE /* UIControl+interaction.swift */; };
		01A7904C2A76E997009E89AE /* WithComputerVC.swift in Sources */ = {isa = PBXBuildFile; fileRef = 01A7904B2A76E997009E89AE /* WithComputerVC.swift */; };
		01A7904E2A76E9AF009E89AE /* WithComputerPresenter.swift in Sources */ = {isa = PBXBuildFile; fileRef = 01A7904D2A76E9AF009E89AE /* WithComputerPresenter.swift */; };
		01A790512A76EB43009E89AE /* GuessOnlyVC.swift in Sources */ = {isa = PBXBuildFile; fileRef = 01A790502A76EB43009E89AE /* GuessOnlyVC.swift */; };
		01A790532A76EB51009E89AE /* GuessOnlyPresenter.swift in Sources */ = {isa = PBXBuildFile; fileRef = 01A790522A76EB51009E89AE /* GuessOnlyPresenter.swift */; };
		01A790562A76EBC1009E89AE /* PlayOnlineVC.swift in Sources */ = {isa = PBXBuildFile; fileRef = 01A790552A76EBC1009E89AE /* PlayOnlineVC.swift */; };
		01A790582A76EBCF009E89AE /* PlayOnlinePresenter.swift in Sources */ = {isa = PBXBuildFile; fileRef = 01A790572A76EBCF009E89AE /* PlayOnlinePresenter.swift */; };
		01A7905B2A78B501009E89AE /* AlertButton.swift in Sources */ = {isa = PBXBuildFile; fileRef = 01A7905A2A78B501009E89AE /* AlertButton.swift */; };
		01A7905D2A78B8D9009E89AE /* NumberButton.swift in Sources */ = {isa = PBXBuildFile; fileRef = 01A7905C2A78B8D9009E89AE /* NumberButton.swift */; };
		01A790602A7961BA009E89AE /* CreatePasswordVC.swift in Sources */ = {isa = PBXBuildFile; fileRef = 01A7905F2A7961BA009E89AE /* CreatePasswordVC.swift */; };
		01A790622A7961CA009E89AE /* CreatePasswordPresenter.swift in Sources */ = {isa = PBXBuildFile; fileRef = 01A790612A7961CA009E89AE /* CreatePasswordPresenter.swift */; };
		01A790652A799591009E89AE /* PasswordNumberButton.swift in Sources */ = {isa = PBXBuildFile; fileRef = 01A790642A799591009E89AE /* PasswordNumberButton.swift */; };
		01A790682A7A650D009E89AE /* UIButton+flash.swift in Sources */ = {isa = PBXBuildFile; fileRef = 01A790672A7A650D009E89AE /* UIButton+flash.swift */; };
		01A7906C2A7B77B1009E89AE /* NumbersStackView.swift in Sources */ = {isa = PBXBuildFile; fileRef = 01A7906B2A7B77B1009E89AE /* NumbersStackView.swift */; };
		01A7906F2A7B7F03009E89AE /* CustomAlertHome.swift in Sources */ = {isa = PBXBuildFile; fileRef = 01A7906E2A7B7F03009E89AE /* CustomAlertHome.swift */; };
		01A790712A7B7FE9009E89AE /* CustomAlertReplay.swift in Sources */ = {isa = PBXBuildFile; fileRef = 01A790702A7B7FE9009E89AE /* CustomAlertReplay.swift */; };
		01A840FC2A80F2B0009B59F8 /* GoogleService-Info.plist in Resources */ = {isa = PBXBuildFile; fileRef = 01A840FB2A80F2B0009B59F8 /* GoogleService-Info.plist */; };
		01A841122A811BB1009B59F8 /* SignInVC.swift in Sources */ = {isa = PBXBuildFile; fileRef = 01A841112A811BB1009B59F8 /* SignInVC.swift */; };
		01A841142A811BBF009B59F8 /* SignInPresenter.swift in Sources */ = {isa = PBXBuildFile; fileRef = 01A841132A811BBF009B59F8 /* SignInPresenter.swift */; };
		01A841162A812278009B59F8 /* SignUpVC.swift in Sources */ = {isa = PBXBuildFile; fileRef = 01A841152A812278009B59F8 /* SignUpVC.swift */; };
		01A841182A812284009B59F8 /* SignUpPresenter.swift in Sources */ = {isa = PBXBuildFile; fileRef = 01A841172A812284009B59F8 /* SignUpPresenter.swift */; };
		01A8411B2A8183CA009B59F8 /* VerifyVC.swift in Sources */ = {isa = PBXBuildFile; fileRef = 01A8411A2A8183CA009B59F8 /* VerifyVC.swift */; };
		01A8411D2A81841A009B59F8 /* VerifyPresenter.swift in Sources */ = {isa = PBXBuildFile; fileRef = 01A8411C2A81841A009B59F8 /* VerifyPresenter.swift */; };
		01A841202A818562009B59F8 /* PasswordVC.swift in Sources */ = {isa = PBXBuildFile; fileRef = 01A8411F2A818562009B59F8 /* PasswordVC.swift */; };
		01A841222A818576009B59F8 /* PasswordPresenter.swift in Sources */ = {isa = PBXBuildFile; fileRef = 01A841212A818576009B59F8 /* PasswordPresenter.swift */; };
		01A841252A84AE4F009B59F8 /* GameResult.swift in Sources */ = {isa = PBXBuildFile; fileRef = 01A841242A84AE4F009B59F8 /* GameResult.swift */; };
		01A841272A8527A2009B59F8 /* ProfileVC.swift in Sources */ = {isa = PBXBuildFile; fileRef = 01A841262A8527A2009B59F8 /* ProfileVC.swift */; };
		01A8412A2A8527D4009B59F8 /* ProfilePresenter.swift in Sources */ = {isa = PBXBuildFile; fileRef = 01A841292A8527D4009B59F8 /* ProfilePresenter.swift */; };
		01A8412D2A854A47009B59F8 /* ProfileTableViewCell.swift in Sources */ = {isa = PBXBuildFile; fileRef = 01A8412C2A854A47009B59F8 /* ProfileTableViewCell.swift */; };
		01A841302A85507A009B59F8 /* UserModel.swift in Sources */ = {isa = PBXBuildFile; fileRef = 01A8412F2A85507A009B59F8 /* UserModel.swift */; };
		01A841322A861EC4009B59F8 /* ProfileDataSource.swift in Sources */ = {isa = PBXBuildFile; fileRef = 01A841312A861EC4009B59F8 /* ProfileDataSource.swift */; };
		01A841342A862F65009B59F8 /* UITableView+dequeue.swift in Sources */ = {isa = PBXBuildFile; fileRef = 01A841332A862F65009B59F8 /* UITableView+dequeue.swift */; };
		01A841362A8632D8009B59F8 /* UITableView+register.swift in Sources */ = {isa = PBXBuildFile; fileRef = 01A841352A8632D8009B59F8 /* UITableView+register.swift */; };
		01B337E42A73CE13007EC591 /* AppDelegate.swift in Sources */ = {isa = PBXBuildFile; fileRef = 01B337E32A73CE13007EC591 /* AppDelegate.swift */; };
		01B337E62A73CE13007EC591 /* SceneDelegate.swift in Sources */ = {isa = PBXBuildFile; fileRef = 01B337E52A73CE13007EC591 /* SceneDelegate.swift */; };
		01B337ED2A73CE14007EC591 /* Images.xcassets in Resources */ = {isa = PBXBuildFile; fileRef = 01B337EC2A73CE14007EC591 /* Images.xcassets */; };
		01B337F02A73CE14007EC591 /* LaunchScreen.storyboard in Resources */ = {isa = PBXBuildFile; fileRef = 01B337EE2A73CE14007EC591 /* LaunchScreen.storyboard */; };
		01EA4CF02A8D087F00381E63 /* SwiftKeychainWrapper in Frameworks */ = {isa = PBXBuildFile; productRef = 01EA4CEF2A8D087F00381E63 /* SwiftKeychainWrapper */; };
		01EA4D392A9371E100381E63 /* BottomSheet in Frameworks */ = {isa = PBXBuildFile; productRef = 01EA4D382A9371E100381E63 /* BottomSheet */; };
		01EA4D3E2A93946C00381E63 /* CallingCodes.plist in Resources */ = {isa = PBXBuildFile; fileRef = 01EA4D3D2A93946C00381E63 /* CallingCodes.plist */; };
		01EA4D432A9399E700381E63 /* CountryBottomSheetVC.swift in Sources */ = {isa = PBXBuildFile; fileRef = 01EA4D422A9399E700381E63 /* CountryBottomSheetVC.swift */; };
		01EA4D452A9399FF00381E63 /* CountryBottomSheetPresenter.swift in Sources */ = {isa = PBXBuildFile; fileRef = 01EA4D442A9399FF00381E63 /* CountryBottomSheetPresenter.swift */; };
		01EA4D482A93AF0700381E63 /* CountryTableViewCell.swift in Sources */ = {isa = PBXBuildFile; fileRef = 01EA4D472A93AF0700381E63 /* CountryTableViewCell.swift */; };
		01EA4D4D2A93B23F00381E63 /* CountryModel.swift in Sources */ = {isa = PBXBuildFile; fileRef = 01EA4D4C2A93B23F00381E63 /* CountryModel.swift */; };
/* End PBXBuildFile section */

/* Begin PBXFileReference section */
		01A7900A2A75426E009E89AE /* BaseVC.swift */ = {isa = PBXFileReference; lastKnownFileType = sourcecode.swift; path = BaseVC.swift; sourceTree = "<group>"; };
		01A7900F2A755FBA009E89AE /* Dependencies.swift */ = {isa = PBXFileReference; lastKnownFileType = sourcecode.swift; path = Dependencies.swift; sourceTree = "<group>"; };
		01A790122A755FE0009E89AE /* KeychainService.swift */ = {isa = PBXFileReference; lastKnownFileType = sourcecode.swift; path = KeychainService.swift; sourceTree = "<group>"; };
		01A790152A756012009E89AE /* DefaultRouter.swift */ = {isa = PBXFileReference; lastKnownFileType = sourcecode.swift; path = DefaultRouter.swift; sourceTree = "<group>"; };
		01A790182A756039009E89AE /* Presentable.swift */ = {isa = PBXFileReference; lastKnownFileType = sourcecode.swift; path = Presentable.swift; sourceTree = "<group>"; };
		01A7901A2A75604C009E89AE /* Routable.swift */ = {isa = PBXFileReference; lastKnownFileType = sourcecode.swift; path = Routable.swift; sourceTree = "<group>"; };
		01A7901D2A756077009E89AE /* DefaultScreensFactory.swift */ = {isa = PBXFileReference; lastKnownFileType = sourcecode.swift; path = DefaultScreensFactory.swift; sourceTree = "<group>"; };
		01A790202A7560C7009E89AE /* StartPagePresenter.swift */ = {isa = PBXFileReference; lastKnownFileType = sourcecode.swift; path = StartPagePresenter.swift; sourceTree = "<group>"; };
		01A790222A7560D7009E89AE /* StartPageVC.swift */ = {isa = PBXFileReference; lastKnownFileType = sourcecode.swift; path = StartPageVC.swift; sourceTree = "<group>"; };
		01A790282A7564D1009E89AE /* StartPageModels.swift */ = {isa = PBXFileReference; lastKnownFileType = sourcecode.swift; path = StartPageModels.swift; sourceTree = "<group>"; };
		01A7902B2A75691C009E89AE /* UIView+pin.swift */ = {isa = PBXFileReference; lastKnownFileType = sourcecode.swift; path = "UIView+pin.swift"; sourceTree = "<group>"; };
		01A7902E2A7569C5009E89AE /* UIView+sizeConstraints.swift */ = {isa = PBXFileReference; lastKnownFileType = sourcecode.swift; path = "UIView+sizeConstraints.swift"; sourceTree = "<group>"; };
		01A790302A756BA4009E89AE /* UIView+addSubviews.swift */ = {isa = PBXFileReference; lastKnownFileType = sourcecode.swift; path = "UIView+addSubviews.swift"; sourceTree = "<group>"; };
		01A790322A756BD8009E89AE /* UIStackView+addArrangedSubviews.swift */ = {isa = PBXFileReference; lastKnownFileType = sourcecode.swift; path = "UIStackView+addArrangedSubviews.swift"; sourceTree = "<group>"; };
		01A790342A756D3C009E89AE /* prepareForAutolayout.swift */ = {isa = PBXFileReference; lastKnownFileType = sourcecode.swift; path = prepareForAutolayout.swift; sourceTree = "<group>"; };
		01A790372A7598FA009E89AE /* VariantButton.swift */ = {isa = PBXFileReference; lastKnownFileType = sourcecode.swift; path = VariantButton.swift; sourceTree = "<group>"; };
		01A7903E2A759B80009E89AE /* AppColors.swift */ = {isa = PBXFileReference; lastKnownFileType = sourcecode.swift; path = AppColors.swift; sourceTree = "<group>"; };
		01A790402A761C37009E89AE /* SubmitButton.swift */ = {isa = PBXFileReference; lastKnownFileType = sourcecode.swift; path = SubmitButton.swift; sourceTree = "<group>"; };
		01A790442A76866B009E89AE /* BetsPageVC.swift */ = {isa = PBXFileReference; lastKnownFileType = sourcecode.swift; path = BetsPageVC.swift; sourceTree = "<group>"; };
		01A790462A7686A0009E89AE /* BetsPagePresenter.swift */ = {isa = PBXFileReference; lastKnownFileType = sourcecode.swift; path = BetsPagePresenter.swift; sourceTree = "<group>"; };
		01A790482A768935009E89AE /* UIControl+interaction.swift */ = {isa = PBXFileReference; lastKnownFileType = sourcecode.swift; path = "UIControl+interaction.swift"; sourceTree = "<group>"; };
		01A7904B2A76E997009E89AE /* WithComputerVC.swift */ = {isa = PBXFileReference; lastKnownFileType = sourcecode.swift; path = WithComputerVC.swift; sourceTree = "<group>"; };
		01A7904D2A76E9AF009E89AE /* WithComputerPresenter.swift */ = {isa = PBXFileReference; lastKnownFileType = sourcecode.swift; path = WithComputerPresenter.swift; sourceTree = "<group>"; };
		01A790502A76EB43009E89AE /* GuessOnlyVC.swift */ = {isa = PBXFileReference; lastKnownFileType = sourcecode.swift; path = GuessOnlyVC.swift; sourceTree = "<group>"; };
		01A790522A76EB51009E89AE /* GuessOnlyPresenter.swift */ = {isa = PBXFileReference; lastKnownFileType = sourcecode.swift; path = GuessOnlyPresenter.swift; sourceTree = "<group>"; };
		01A790552A76EBC1009E89AE /* PlayOnlineVC.swift */ = {isa = PBXFileReference; lastKnownFileType = sourcecode.swift; path = PlayOnlineVC.swift; sourceTree = "<group>"; };
		01A790572A76EBCF009E89AE /* PlayOnlinePresenter.swift */ = {isa = PBXFileReference; lastKnownFileType = sourcecode.swift; path = PlayOnlinePresenter.swift; sourceTree = "<group>"; };
		01A7905A2A78B501009E89AE /* AlertButton.swift */ = {isa = PBXFileReference; lastKnownFileType = sourcecode.swift; path = AlertButton.swift; sourceTree = "<group>"; };
		01A7905C2A78B8D9009E89AE /* NumberButton.swift */ = {isa = PBXFileReference; lastKnownFileType = sourcecode.swift; path = NumberButton.swift; sourceTree = "<group>"; };
		01A7905F2A7961BA009E89AE /* CreatePasswordVC.swift */ = {isa = PBXFileReference; lastKnownFileType = sourcecode.swift; path = CreatePasswordVC.swift; sourceTree = "<group>"; };
		01A790612A7961CA009E89AE /* CreatePasswordPresenter.swift */ = {isa = PBXFileReference; lastKnownFileType = sourcecode.swift; path = CreatePasswordPresenter.swift; sourceTree = "<group>"; };
		01A790642A799591009E89AE /* PasswordNumberButton.swift */ = {isa = PBXFileReference; lastKnownFileType = sourcecode.swift; path = PasswordNumberButton.swift; sourceTree = "<group>"; };
		01A790672A7A650D009E89AE /* UIButton+flash.swift */ = {isa = PBXFileReference; lastKnownFileType = sourcecode.swift; path = "UIButton+flash.swift"; sourceTree = "<group>"; };
		01A7906B2A7B77B1009E89AE /* NumbersStackView.swift */ = {isa = PBXFileReference; lastKnownFileType = sourcecode.swift; path = NumbersStackView.swift; sourceTree = "<group>"; };
		01A7906E2A7B7F03009E89AE /* CustomAlertHome.swift */ = {isa = PBXFileReference; lastKnownFileType = sourcecode.swift; path = CustomAlertHome.swift; sourceTree = "<group>"; };
		01A790702A7B7FE9009E89AE /* CustomAlertReplay.swift */ = {isa = PBXFileReference; lastKnownFileType = sourcecode.swift; path = CustomAlertReplay.swift; sourceTree = "<group>"; };
		01A840FB2A80F2B0009B59F8 /* GoogleService-Info.plist */ = {isa = PBXFileReference; fileEncoding = 4; lastKnownFileType = text.plist.xml; path = "GoogleService-Info.plist"; sourceTree = "<group>"; };
		01A841112A811BB1009B59F8 /* SignInVC.swift */ = {isa = PBXFileReference; lastKnownFileType = sourcecode.swift; path = SignInVC.swift; sourceTree = "<group>"; };
		01A841132A811BBF009B59F8 /* SignInPresenter.swift */ = {isa = PBXFileReference; lastKnownFileType = sourcecode.swift; path = SignInPresenter.swift; sourceTree = "<group>"; };
		01A841152A812278009B59F8 /* SignUpVC.swift */ = {isa = PBXFileReference; lastKnownFileType = sourcecode.swift; path = SignUpVC.swift; sourceTree = "<group>"; };
		01A841172A812284009B59F8 /* SignUpPresenter.swift */ = {isa = PBXFileReference; lastKnownFileType = sourcecode.swift; path = SignUpPresenter.swift; sourceTree = "<group>"; };
		01A8411A2A8183CA009B59F8 /* VerifyVC.swift */ = {isa = PBXFileReference; lastKnownFileType = sourcecode.swift; path = VerifyVC.swift; sourceTree = "<group>"; };
		01A8411C2A81841A009B59F8 /* VerifyPresenter.swift */ = {isa = PBXFileReference; lastKnownFileType = sourcecode.swift; path = VerifyPresenter.swift; sourceTree = "<group>"; };
		01A8411F2A818562009B59F8 /* PasswordVC.swift */ = {isa = PBXFileReference; lastKnownFileType = sourcecode.swift; path = PasswordVC.swift; sourceTree = "<group>"; };
		01A841212A818576009B59F8 /* PasswordPresenter.swift */ = {isa = PBXFileReference; lastKnownFileType = sourcecode.swift; path = PasswordPresenter.swift; sourceTree = "<group>"; };
		01A841242A84AE4F009B59F8 /* GameResult.swift */ = {isa = PBXFileReference; lastKnownFileType = sourcecode.swift; path = GameResult.swift; sourceTree = "<group>"; };
		01A841262A8527A2009B59F8 /* ProfileVC.swift */ = {isa = PBXFileReference; lastKnownFileType = sourcecode.swift; path = ProfileVC.swift; sourceTree = "<group>"; };
		01A841292A8527D4009B59F8 /* ProfilePresenter.swift */ = {isa = PBXFileReference; lastKnownFileType = sourcecode.swift; path = ProfilePresenter.swift; sourceTree = "<group>"; };
		01A8412C2A854A47009B59F8 /* ProfileTableViewCell.swift */ = {isa = PBXFileReference; lastKnownFileType = sourcecode.swift; path = ProfileTableViewCell.swift; sourceTree = "<group>"; };
		01A8412F2A85507A009B59F8 /* UserModel.swift */ = {isa = PBXFileReference; lastKnownFileType = sourcecode.swift; path = UserModel.swift; sourceTree = "<group>"; };
		01A841312A861EC4009B59F8 /* ProfileDataSource.swift */ = {isa = PBXFileReference; lastKnownFileType = sourcecode.swift; path = ProfileDataSource.swift; sourceTree = "<group>"; };
		01A841332A862F65009B59F8 /* UITableView+dequeue.swift */ = {isa = PBXFileReference; lastKnownFileType = sourcecode.swift; path = "UITableView+dequeue.swift"; sourceTree = "<group>"; };
		01A841352A8632D8009B59F8 /* UITableView+register.swift */ = {isa = PBXFileReference; lastKnownFileType = sourcecode.swift; path = "UITableView+register.swift"; sourceTree = "<group>"; };
		01B337E02A73CE13007EC591 /* Safe_2.app */ = {isa = PBXFileReference; explicitFileType = wrapper.application; includeInIndex = 0; path = Safe_2.app; sourceTree = BUILT_PRODUCTS_DIR; };
		01B337E32A73CE13007EC591 /* AppDelegate.swift */ = {isa = PBXFileReference; lastKnownFileType = sourcecode.swift; path = AppDelegate.swift; sourceTree = "<group>"; };
		01B337E52A73CE13007EC591 /* SceneDelegate.swift */ = {isa = PBXFileReference; lastKnownFileType = sourcecode.swift; path = SceneDelegate.swift; sourceTree = "<group>"; };
		01B337EC2A73CE14007EC591 /* Images.xcassets */ = {isa = PBXFileReference; lastKnownFileType = folder.assetcatalog; path = Images.xcassets; sourceTree = "<group>"; };
		01B337EF2A73CE14007EC591 /* Base */ = {isa = PBXFileReference; lastKnownFileType = file.storyboard; name = Base; path = Base.lproj/LaunchScreen.storyboard; sourceTree = "<group>"; };
		01B337F12A73CE14007EC591 /* Info.plist */ = {isa = PBXFileReference; lastKnownFileType = text.plist.xml; path = Info.plist; sourceTree = "<group>"; };
		01EA4D3D2A93946C00381E63 /* CallingCodes.plist */ = {isa = PBXFileReference; fileEncoding = 4; lastKnownFileType = text.plist.xml; path = CallingCodes.plist; sourceTree = "<group>"; };
		01EA4D422A9399E700381E63 /* CountryBottomSheetVC.swift */ = {isa = PBXFileReference; lastKnownFileType = sourcecode.swift; path = CountryBottomSheetVC.swift; sourceTree = "<group>"; };
		01EA4D442A9399FF00381E63 /* CountryBottomSheetPresenter.swift */ = {isa = PBXFileReference; lastKnownFileType = sourcecode.swift; path = CountryBottomSheetPresenter.swift; sourceTree = "<group>"; };
		01EA4D472A93AF0700381E63 /* CountryTableViewCell.swift */ = {isa = PBXFileReference; lastKnownFileType = sourcecode.swift; path = CountryTableViewCell.swift; sourceTree = "<group>"; };
		01EA4D4C2A93B23F00381E63 /* CountryModel.swift */ = {isa = PBXFileReference; lastKnownFileType = sourcecode.swift; path = CountryModel.swift; sourceTree = "<group>"; };
/* End PBXFileReference section */

/* Begin PBXFrameworksBuildPhase section */
		01B337DD2A73CE13007EC591 /* Frameworks */ = {
			isa = PBXFrameworksBuildPhase;
			buildActionMask = 2147483647;
			files = (
				016DAE862A8A273A00D53F57 /* FirebaseDatabaseSwift in Frameworks */,
				016DAE842A8A273A00D53F57 /* FirebaseDatabase in Frameworks */,
				016DAE8E2A8A273A00D53F57 /* FirebaseStorageCombine-Community in Frameworks */,
				01A790262A7560F9009E89AE /* KeychainSwift in Frameworks */,
				016DAE882A8A273A00D53F57 /* FirebaseFirestore in Frameworks */,
				01EA4D392A9371E100381E63 /* BottomSheet in Frameworks */,
				016DAE8C2A8A273A00D53F57 /* FirebaseStorage in Frameworks */,
				016DAE822A8A273A00D53F57 /* FirebaseAuth in Frameworks */,
				016DAE8A2A8A273A00D53F57 /* FirebaseFirestoreSwift in Frameworks */,
				01EA4CF02A8D087F00381E63 /* SwiftKeychainWrapper in Frameworks */,
			);
			runOnlyForDeploymentPostprocessing = 0;
		};
/* End PBXFrameworksBuildPhase section */

/* Begin PBXGroup section */
		01A7900C2A754A83009E89AE /* Sources */ = {
			isa = PBXGroup;
			children = (
				01A7900D2A754A9F009E89AE /* Application */,
				01A7900E2A754AC4009E89AE /* Dependencies */,
				01A790142A755FFE009E89AE /* Navigation */,
				01A7901C2A756060009E89AE /* Presentation */,
			);
			path = Sources;
			sourceTree = "<group>";
		};
		01A7900D2A754A9F009E89AE /* Application */ = {
			isa = PBXGroup;
			children = (
				01B337E32A73CE13007EC591 /* AppDelegate.swift */,
				01B337E52A73CE13007EC591 /* SceneDelegate.swift */,
				01B337EC2A73CE14007EC591 /* Images.xcassets */,
				01B337EE2A73CE14007EC591 /* LaunchScreen.storyboard */,
			);
			path = Application;
			sourceTree = "<group>";
		};
		01A7900E2A754AC4009E89AE /* Dependencies */ = {
			isa = PBXGroup;
			children = (
				01A7900F2A755FBA009E89AE /* Dependencies.swift */,
				01A790112A755FC8009E89AE /* Services */,
			);
			path = Dependencies;
			sourceTree = "<group>";
		};
		01A790112A755FC8009E89AE /* Services */ = {
			isa = PBXGroup;
			children = (
				01A790122A755FE0009E89AE /* KeychainService.swift */,
			);
			path = Services;
			sourceTree = "<group>";
		};
		01A790142A755FFE009E89AE /* Navigation */ = {
			isa = PBXGroup;
			children = (
				01A790152A756012009E89AE /* DefaultRouter.swift */,
				01A790172A756023009E89AE /* Protocols */,
			);
			path = Navigation;
			sourceTree = "<group>";
		};
		01A790172A756023009E89AE /* Protocols */ = {
			isa = PBXGroup;
			children = (
				01A790182A756039009E89AE /* Presentable.swift */,
				01A7901A2A75604C009E89AE /* Routable.swift */,
			);
			path = Protocols;
			sourceTree = "<group>";
		};
		01A7901C2A756060009E89AE /* Presentation */ = {
			isa = PBXGroup;
			children = (
				01A7901D2A756077009E89AE /* DefaultScreensFactory.swift */,
				01A8412E2A855059009B59F8 /* Models */,
				01A790692A7A9425009E89AE /* Common */,
				01A8410E2A811B59009B59F8 /* Auth */,
				01A7901F2A7560B2009E89AE /* StartPage */,
				01A841282A8527B6009B59F8 /* Profile */,
				01A790432A76864B009E89AE /* BetsPage */,
				01A7904F2A76EB27009E89AE /* GuessOnly */,
				01A7904A2A76E967009E89AE /* WithComputer */,
				01A790542A76EB9F009E89AE /* PlayOnline */,
			);
			path = Presentation;
			sourceTree = "<group>";
		};
		01A7901F2A7560B2009E89AE /* StartPage */ = {
			isa = PBXGroup;
			children = (
				01A790272A7564BE009E89AE /* Models */,
				01A790202A7560C7009E89AE /* StartPagePresenter.swift */,
				01A790222A7560D7009E89AE /* StartPageVC.swift */,
			);
			path = StartPage;
			sourceTree = "<group>";
		};
		01A790272A7564BE009E89AE /* Models */ = {
			isa = PBXGroup;
			children = (
				01A790282A7564D1009E89AE /* StartPageModels.swift */,
			);
			path = Models;
			sourceTree = "<group>";
		};
		01A7902A2A7568FE009E89AE /* Extensions */ = {
			isa = PBXGroup;
			children = (
				01A790662A7A64E6009E89AE /* UIControl */,
				01A7902D2A7569A5009E89AE /* UIView */,
			);
			path = Extensions;
			sourceTree = "<group>";
		};
		01A7902D2A7569A5009E89AE /* UIView */ = {
			isa = PBXGroup;
			children = (
				01A7902B2A75691C009E89AE /* UIView+pin.swift */,
				01A7902E2A7569C5009E89AE /* UIView+sizeConstraints.swift */,
				01A790302A756BA4009E89AE /* UIView+addSubviews.swift */,
				01A790322A756BD8009E89AE /* UIStackView+addArrangedSubviews.swift */,
				01A790342A756D3C009E89AE /* prepareForAutolayout.swift */,
				01A790482A768935009E89AE /* UIControl+interaction.swift */,
				01A841332A862F65009B59F8 /* UITableView+dequeue.swift */,
				01A841352A8632D8009B59F8 /* UITableView+register.swift */,
			);
			path = UIView;
			sourceTree = "<group>";
		};
		01A7903C2A759B48009E89AE /* Common */ = {
			isa = PBXGroup;
			children = (
				01A7902A2A7568FE009E89AE /* Extensions */,
				01A790422A7682CF009E89AE /* Helpers */,
			);
			path = Common;
			sourceTree = "<group>";
		};
		01A790422A7682CF009E89AE /* Helpers */ = {
			isa = PBXGroup;
			children = (
				01A7903E2A759B80009E89AE /* AppColors.swift */,
				01A790402A761C37009E89AE /* SubmitButton.swift */,
				01A790372A7598FA009E89AE /* VariantButton.swift */,
			);
			path = Helpers;
			sourceTree = "<group>";
		};
		01A790432A76864B009E89AE /* BetsPage */ = {
			isa = PBXGroup;
			children = (
				01A790462A7686A0009E89AE /* BetsPagePresenter.swift */,
				01A790442A76866B009E89AE /* BetsPageVC.swift */,
			);
			path = BetsPage;
			sourceTree = "<group>";
		};
		01A7904A2A76E967009E89AE /* WithComputer */ = {
			isa = PBXGroup;
			children = (
				01A7904D2A76E9AF009E89AE /* WithComputerPresenter.swift */,
				01A7904B2A76E997009E89AE /* WithComputerVC.swift */,
			);
			path = WithComputer;
			sourceTree = "<group>";
		};
		01A7904F2A76EB27009E89AE /* GuessOnly */ = {
			isa = PBXGroup;
			children = (
				01A790522A76EB51009E89AE /* GuessOnlyPresenter.swift */,
				01A790502A76EB43009E89AE /* GuessOnlyVC.swift */,
			);
			path = GuessOnly;
			sourceTree = "<group>";
		};
		01A790542A76EB9F009E89AE /* PlayOnline */ = {
			isa = PBXGroup;
			children = (
				01A790572A76EBCF009E89AE /* PlayOnlinePresenter.swift */,
				01A790552A76EBC1009E89AE /* PlayOnlineVC.swift */,
			);
			path = PlayOnline;
			sourceTree = "<group>";
		};
		01A7905E2A79617D009E89AE /* CreatePasswordPage */ = {
			isa = PBXGroup;
			children = (
				01A790632A799567009E89AE /* View */,
				01A790612A7961CA009E89AE /* CreatePasswordPresenter.swift */,
				01A7905F2A7961BA009E89AE /* CreatePasswordVC.swift */,
			);
			path = CreatePasswordPage;
			sourceTree = "<group>";
		};
		01A790632A799567009E89AE /* View */ = {
			isa = PBXGroup;
			children = (
				01A790642A799591009E89AE /* PasswordNumberButton.swift */,
			);
			path = View;
			sourceTree = "<group>";
		};
		01A790662A7A64E6009E89AE /* UIControl */ = {
			isa = PBXGroup;
			children = (
				01A790672A7A650D009E89AE /* UIButton+flash.swift */,
			);
			path = UIControl;
			sourceTree = "<group>";
		};
		01A790692A7A9425009E89AE /* Common */ = {
			isa = PBXGroup;
			children = (
				01A7905E2A79617D009E89AE /* CreatePasswordPage */,
				01A7906D2A7B7EF3009E89AE /* Alerts */,
				01A7906A2A7A942F009E89AE /* View */,
				01A841242A84AE4F009B59F8 /* GameResult.swift */,
			);
			path = Common;
			sourceTree = "<group>";
		};
		01A7906A2A7A942F009E89AE /* View */ = {
			isa = PBXGroup;
			children = (
				01A7905A2A78B501009E89AE /* AlertButton.swift */,
				01A7905C2A78B8D9009E89AE /* NumberButton.swift */,
				01A7906B2A7B77B1009E89AE /* NumbersStackView.swift */,
			);
			path = View;
			sourceTree = "<group>";
		};
		01A7906D2A7B7EF3009E89AE /* Alerts */ = {
			isa = PBXGroup;
			children = (
				01A7906E2A7B7F03009E89AE /* CustomAlertHome.swift */,
				01A790702A7B7FE9009E89AE /* CustomAlertReplay.swift */,
			);
			path = Alerts;
			sourceTree = "<group>";
		};
		01A8410E2A811B59009B59F8 /* Auth */ = {
			isa = PBXGroup;
			children = (
				01A8410F2A811B66009B59F8 /* SignIn */,
				01A841102A811B77009B59F8 /* SignUp */,
				01A841192A8183A1009B59F8 /* Verification */,
				01A8411E2A818519009B59F8 /* Password */,
			);
			path = Auth;
			sourceTree = "<group>";
		};
		01A8410F2A811B66009B59F8 /* SignIn */ = {
			isa = PBXGroup;
			children = (
				01A841132A811BBF009B59F8 /* SignInPresenter.swift */,
				01A841112A811BB1009B59F8 /* SignInVC.swift */,
			);
			path = SignIn;
			sourceTree = "<group>";
		};
		01A841102A811B77009B59F8 /* SignUp */ = {
			isa = PBXGroup;
			children = (
				01EA4D412A93976300381E63 /* CountryBottomSheet */,
				01A841172A812284009B59F8 /* SignUpPresenter.swift */,
				01A841152A812278009B59F8 /* SignUpVC.swift */,
			);
			path = SignUp;
			sourceTree = "<group>";
		};
		01A841192A8183A1009B59F8 /* Verification */ = {
			isa = PBXGroup;
			children = (
				01A8411C2A81841A009B59F8 /* VerifyPresenter.swift */,
				01A8411A2A8183CA009B59F8 /* VerifyVC.swift */,
			);
			path = Verification;
			sourceTree = "<group>";
		};
		01A8411E2A818519009B59F8 /* Password */ = {
			isa = PBXGroup;
			children = (
				01A841212A818576009B59F8 /* PasswordPresenter.swift */,
				01A8411F2A818562009B59F8 /* PasswordVC.swift */,
			);
			path = Password;
			sourceTree = "<group>";
		};
		01A841282A8527B6009B59F8 /* Profile */ = {
			isa = PBXGroup;
			children = (
				01A8412B2A854A1B009B59F8 /* View */,
				01A841292A8527D4009B59F8 /* ProfilePresenter.swift */,
				01A841262A8527A2009B59F8 /* ProfileVC.swift */,
			);
			path = Profile;
			sourceTree = "<group>";
		};
		01A8412B2A854A1B009B59F8 /* View */ = {
			isa = PBXGroup;
			children = (
				01A8412C2A854A47009B59F8 /* ProfileTableViewCell.swift */,
				01A841312A861EC4009B59F8 /* ProfileDataSource.swift */,
			);
			path = View;
			sourceTree = "<group>";
		};
		01A8412E2A855059009B59F8 /* Models */ = {
			isa = PBXGroup;
			children = (
				01A8412F2A85507A009B59F8 /* UserModel.swift */,
			);
			path = Models;
			sourceTree = "<group>";
		};
		01B337D72A73CE13007EC591 = {
			isa = PBXGroup;
			children = (
				01B337E22A73CE13007EC591 /* Safe_2 */,
				01A7900C2A754A83009E89AE /* Sources */,
				01B337E12A73CE13007EC591 /* Products */,
			);
			sourceTree = "<group>";
		};
		01B337E12A73CE13007EC591 /* Products */ = {
			isa = PBXGroup;
			children = (
				01B337E02A73CE13007EC591 /* Safe_2.app */,
			);
			name = Products;
			sourceTree = "<group>";
		};
		01B337E22A73CE13007EC591 /* Safe_2 */ = {
			isa = PBXGroup;
			children = (
				01A7903C2A759B48009E89AE /* Common */,
				01A7900A2A75426E009E89AE /* BaseVC.swift */,
				01B337F12A73CE14007EC591 /* Info.plist */,
				01A840FB2A80F2B0009B59F8 /* GoogleService-Info.plist */,
				01EA4D3D2A93946C00381E63 /* CallingCodes.plist */,
			);
			path = Safe_2;
			sourceTree = "<group>";
		};
		01EA4D412A93976300381E63 /* CountryBottomSheet */ = {
			isa = PBXGroup;
			children = (
				01EA4D4B2A93B21F00381E63 /* CountryModel */,
				01EA4D462A93AE8900381E63 /* View */,
				01EA4D442A9399FF00381E63 /* CountryBottomSheetPresenter.swift */,
				01EA4D422A9399E700381E63 /* CountryBottomSheetVC.swift */,
			);
			path = CountryBottomSheet;
			sourceTree = "<group>";
		};
		01EA4D462A93AE8900381E63 /* View */ = {
			isa = PBXGroup;
			children = (
				01EA4D472A93AF0700381E63 /* CountryTableViewCell.swift */,
			);
			path = View;
			sourceTree = "<group>";
		};
		01EA4D4B2A93B21F00381E63 /* CountryModel */ = {
			isa = PBXGroup;
			children = (
				01EA4D4C2A93B23F00381E63 /* CountryModel.swift */,
			);
			path = CountryModel;
			sourceTree = "<group>";
		};
/* End PBXGroup section */

/* Begin PBXNativeTarget section */
		01B337DF2A73CE13007EC591 /* Safe_2 */ = {
			isa = PBXNativeTarget;
			buildConfigurationList = 01B337F42A73CE14007EC591 /* Build configuration list for PBXNativeTarget "Safe_2" */;
			buildPhases = (
				01B337DC2A73CE13007EC591 /* Sources */,
				01B337DD2A73CE13007EC591 /* Frameworks */,
				01B337DE2A73CE13007EC591 /* Resources */,
			);
			buildRules = (
			);
			dependencies = (
			);
			name = Safe_2;
			packageProductDependencies = (
				01A790252A7560F9009E89AE /* KeychainSwift */,
				016DAE812A8A273A00D53F57 /* FirebaseAuth */,
				016DAE832A8A273A00D53F57 /* FirebaseDatabase */,
				016DAE852A8A273A00D53F57 /* FirebaseDatabaseSwift */,
				016DAE872A8A273A00D53F57 /* FirebaseFirestore */,
				016DAE892A8A273A00D53F57 /* FirebaseFirestoreSwift */,
				016DAE8B2A8A273A00D53F57 /* FirebaseStorage */,
				016DAE8D2A8A273A00D53F57 /* FirebaseStorageCombine-Community */,
				01EA4CEF2A8D087F00381E63 /* SwiftKeychainWrapper */,
				01EA4D382A9371E100381E63 /* BottomSheet */,
			);
			productName = Safe_2;
			productReference = 01B337E02A73CE13007EC591 /* Safe_2.app */;
			productType = "com.apple.product-type.application";
		};
/* End PBXNativeTarget section */

/* Begin PBXProject section */
		01B337D82A73CE13007EC591 /* Project object */ = {
			isa = PBXProject;
			attributes = {
				BuildIndependentTargetsInParallel = 1;
				LastSwiftUpdateCheck = 1430;
				LastUpgradeCheck = 1430;
				TargetAttributes = {
					01B337DF2A73CE13007EC591 = {
						CreatedOnToolsVersion = 14.3.1;
					};
				};
			};
			buildConfigurationList = 01B337DB2A73CE13007EC591 /* Build configuration list for PBXProject "Safe_2" */;
			compatibilityVersion = "Xcode 14.0";
			developmentRegion = en;
			hasScannedForEncodings = 0;
			knownRegions = (
				en,
				Base,
			);
			mainGroup = 01B337D72A73CE13007EC591;
			packageReferences = (
				01A790242A7560F9009E89AE /* XCRemoteSwiftPackageReference "keychain-swift" */,
				016DAE802A8A273A00D53F57 /* XCRemoteSwiftPackageReference "firebase-ios-sdk" */,
				01EA4CEE2A8D087F00381E63 /* XCRemoteSwiftPackageReference "SwiftKeychainWrapper" */,
				01EA4D372A9371E100381E63 /* XCRemoteSwiftPackageReference "BottomSheet" */,
			);
			productRefGroup = 01B337E12A73CE13007EC591 /* Products */;
			projectDirPath = "";
			projectRoot = "";
			targets = (
				01B337DF2A73CE13007EC591 /* Safe_2 */,
			);
		};
/* End PBXProject section */

/* Begin PBXResourcesBuildPhase section */
		01B337DE2A73CE13007EC591 /* Resources */ = {
			isa = PBXResourcesBuildPhase;
			buildActionMask = 2147483647;
			files = (
				01EA4D3E2A93946C00381E63 /* CallingCodes.plist in Resources */,
				01B337F02A73CE14007EC591 /* LaunchScreen.storyboard in Resources */,
				01B337ED2A73CE14007EC591 /* Images.xcassets in Resources */,
				01A840FC2A80F2B0009B59F8 /* GoogleService-Info.plist in Resources */,
			);
			runOnlyForDeploymentPostprocessing = 0;
		};
/* End PBXResourcesBuildPhase section */

/* Begin PBXSourcesBuildPhase section */
		01B337DC2A73CE13007EC591 /* Sources */ = {
			isa = PBXSourcesBuildPhase;
			buildActionMask = 2147483647;
			files = (
				01A790452A76866B009E89AE /* BetsPageVC.swift in Sources */,
				01A790562A76EBC1009E89AE /* PlayOnlineVC.swift in Sources */,
				01A841322A861EC4009B59F8 /* ProfileDataSource.swift in Sources */,
				01A790312A756BA4009E89AE /* UIView+addSubviews.swift in Sources */,
				01A790192A756039009E89AE /* Presentable.swift in Sources */,
				01B337E42A73CE13007EC591 /* AppDelegate.swift in Sources */,
				01A841122A811BB1009B59F8 /* SignInVC.swift in Sources */,
				01A7906F2A7B7F03009E89AE /* CustomAlertHome.swift in Sources */,
				01A790162A756012009E89AE /* DefaultRouter.swift in Sources */,
				01EA4D482A93AF0700381E63 /* CountryTableViewCell.swift in Sources */,
				01A790622A7961CA009E89AE /* CreatePasswordPresenter.swift in Sources */,
				01A8411B2A8183CA009B59F8 /* VerifyVC.swift in Sources */,
				01A790212A7560C7009E89AE /* StartPagePresenter.swift in Sources */,
				01B337E62A73CE13007EC591 /* SceneDelegate.swift in Sources */,
				01A790652A799591009E89AE /* PasswordNumberButton.swift in Sources */,
				01A790472A7686A0009E89AE /* BetsPagePresenter.swift in Sources */,
				01A790532A76EB51009E89AE /* GuessOnlyPresenter.swift in Sources */,
				01A841222A818576009B59F8 /* PasswordPresenter.swift in Sources */,
				01A790682A7A650D009E89AE /* UIButton+flash.swift in Sources */,
				01A8412A2A8527D4009B59F8 /* ProfilePresenter.swift in Sources */,
				01A841202A818562009B59F8 /* PasswordVC.swift in Sources */,
				01A790512A76EB43009E89AE /* GuessOnlyVC.swift in Sources */,
				01A790102A755FBA009E89AE /* Dependencies.swift in Sources */,
				01A841252A84AE4F009B59F8 /* GameResult.swift in Sources */,
				01A7902C2A75691C009E89AE /* UIView+pin.swift in Sources */,
				01A8412D2A854A47009B59F8 /* ProfileTableViewCell.swift in Sources */,
				01A841182A812284009B59F8 /* SignUpPresenter.swift in Sources */,
				01A7901E2A756077009E89AE /* DefaultScreensFactory.swift in Sources */,
				01A7905B2A78B501009E89AE /* AlertButton.swift in Sources */,
				01A841272A8527A2009B59F8 /* ProfileVC.swift in Sources */,
				01A790412A761C37009E89AE /* SubmitButton.swift in Sources */,
				01A790712A7B7FE9009E89AE /* CustomAlertReplay.swift in Sources */,
				01A790382A7598FA009E89AE /* VariantButton.swift in Sources */,
				01A8411D2A81841A009B59F8 /* VerifyPresenter.swift in Sources */,
				01A790602A7961BA009E89AE /* CreatePasswordVC.swift in Sources */,
				01EA4D452A9399FF00381E63 /* CountryBottomSheetPresenter.swift in Sources */,
				01A841142A811BBF009B59F8 /* SignInPresenter.swift in Sources */,
				01A7902F2A7569C5009E89AE /* UIView+sizeConstraints.swift in Sources */,
				01A7906C2A7B77B1009E89AE /* NumbersStackView.swift in Sources */,
				01EA4D432A9399E700381E63 /* CountryBottomSheetVC.swift in Sources */,
				01EA4D4D2A93B23F00381E63 /* CountryModel.swift in Sources */,
				01A790292A7564D1009E89AE /* StartPageModels.swift in Sources */,
				01A7903F2A759B80009E89AE /* AppColors.swift in Sources */,
				01A790232A7560D7009E89AE /* StartPageVC.swift in Sources */,
				01A7900B2A75426E009E89AE /* BaseVC.swift in Sources */,
				01A7901B2A75604C009E89AE /* Routable.swift in Sources */,
				01A841302A85507A009B59F8 /* UserModel.swift in Sources */,
				01A841362A8632D8009B59F8 /* UITableView+register.swift in Sources */,
				01A7904C2A76E997009E89AE /* WithComputerVC.swift in Sources */,
				01A7904E2A76E9AF009E89AE /* WithComputerPresenter.swift in Sources */,
				01A790352A756D3C009E89AE /* prepareForAutolayout.swift in Sources */,
				01A790582A76EBCF009E89AE /* PlayOnlinePresenter.swift in Sources */,
				01A841162A812278009B59F8 /* SignUpVC.swift in Sources */,
				01A790132A755FE0009E89AE /* KeychainService.swift in Sources */,
				01A790332A756BD8009E89AE /* UIStackView+addArrangedSubviews.swift in Sources */,
				01A841342A862F65009B59F8 /* UITableView+dequeue.swift in Sources */,
				01A790492A768935009E89AE /* UIControl+interaction.swift in Sources */,
				01A7905D2A78B8D9009E89AE /* NumberButton.swift in Sources */,
			);
			runOnlyForDeploymentPostprocessing = 0;
		};
/* End PBXSourcesBuildPhase section */

/* Begin PBXVariantGroup section */
		01B337EE2A73CE14007EC591 /* LaunchScreen.storyboard */ = {
			isa = PBXVariantGroup;
			children = (
				01B337EF2A73CE14007EC591 /* Base */,
			);
			name = LaunchScreen.storyboard;
			sourceTree = "<group>";
		};
/* End PBXVariantGroup section */

/* Begin XCBuildConfiguration section */
		01B337F22A73CE14007EC591 /* Debug */ = {
			isa = XCBuildConfiguration;
			buildSettings = {
				ALWAYS_SEARCH_USER_PATHS = NO;
				CLANG_ANALYZER_NONNULL = YES;
				CLANG_ANALYZER_NUMBER_OBJECT_CONVERSION = YES_AGGRESSIVE;
				CLANG_CXX_LANGUAGE_STANDARD = "gnu++20";
				CLANG_ENABLE_MODULES = YES;
				CLANG_ENABLE_OBJC_ARC = YES;
				CLANG_ENABLE_OBJC_WEAK = YES;
				CLANG_WARN_BLOCK_CAPTURE_AUTORELEASING = YES;
				CLANG_WARN_BOOL_CONVERSION = YES;
				CLANG_WARN_COMMA = YES;
				CLANG_WARN_CONSTANT_CONVERSION = YES;
				CLANG_WARN_DEPRECATED_OBJC_IMPLEMENTATIONS = YES;
				CLANG_WARN_DIRECT_OBJC_ISA_USAGE = YES_ERROR;
				CLANG_WARN_DOCUMENTATION_COMMENTS = YES;
				CLANG_WARN_EMPTY_BODY = YES;
				CLANG_WARN_ENUM_CONVERSION = YES;
				CLANG_WARN_INFINITE_RECURSION = YES;
				CLANG_WARN_INT_CONVERSION = YES;
				CLANG_WARN_NON_LITERAL_NULL_CONVERSION = YES;
				CLANG_WARN_OBJC_IMPLICIT_RETAIN_SELF = YES;
				CLANG_WARN_OBJC_LITERAL_CONVERSION = YES;
				CLANG_WARN_OBJC_ROOT_CLASS = YES_ERROR;
				CLANG_WARN_QUOTED_INCLUDE_IN_FRAMEWORK_HEADER = YES;
				CLANG_WARN_RANGE_LOOP_ANALYSIS = YES;
				CLANG_WARN_STRICT_PROTOTYPES = YES;
				CLANG_WARN_SUSPICIOUS_MOVE = YES;
				CLANG_WARN_UNGUARDED_AVAILABILITY = YES_AGGRESSIVE;
				CLANG_WARN_UNREACHABLE_CODE = YES;
				CLANG_WARN__DUPLICATE_METHOD_MATCH = YES;
				COPY_PHASE_STRIP = NO;
				DEBUG_INFORMATION_FORMAT = dwarf;
				ENABLE_STRICT_OBJC_MSGSEND = YES;
				ENABLE_TESTABILITY = YES;
				GCC_C_LANGUAGE_STANDARD = gnu11;
				GCC_DYNAMIC_NO_PIC = NO;
				GCC_NO_COMMON_BLOCKS = YES;
				GCC_OPTIMIZATION_LEVEL = 0;
				GCC_PREPROCESSOR_DEFINITIONS = (
					"DEBUG=1",
					"$(inherited)",
				);
				GCC_WARN_64_TO_32_BIT_CONVERSION = YES;
				GCC_WARN_ABOUT_RETURN_TYPE = YES_ERROR;
				GCC_WARN_UNDECLARED_SELECTOR = YES;
				GCC_WARN_UNINITIALIZED_AUTOS = YES_AGGRESSIVE;
				GCC_WARN_UNUSED_FUNCTION = YES;
				GCC_WARN_UNUSED_VARIABLE = YES;
				IPHONEOS_DEPLOYMENT_TARGET = 16.4;
				MTL_ENABLE_DEBUG_INFO = INCLUDE_SOURCE;
				MTL_FAST_MATH = YES;
				ONLY_ACTIVE_ARCH = YES;
				SDKROOT = iphoneos;
				SWIFT_ACTIVE_COMPILATION_CONDITIONS = DEBUG;
				SWIFT_OPTIMIZATION_LEVEL = "-Onone";
			};
			name = Debug;
		};
		01B337F32A73CE14007EC591 /* Release */ = {
			isa = XCBuildConfiguration;
			buildSettings = {
				ALWAYS_SEARCH_USER_PATHS = NO;
				CLANG_ANALYZER_NONNULL = YES;
				CLANG_ANALYZER_NUMBER_OBJECT_CONVERSION = YES_AGGRESSIVE;
				CLANG_CXX_LANGUAGE_STANDARD = "gnu++20";
				CLANG_ENABLE_MODULES = YES;
				CLANG_ENABLE_OBJC_ARC = YES;
				CLANG_ENABLE_OBJC_WEAK = YES;
				CLANG_WARN_BLOCK_CAPTURE_AUTORELEASING = YES;
				CLANG_WARN_BOOL_CONVERSION = YES;
				CLANG_WARN_COMMA = YES;
				CLANG_WARN_CONSTANT_CONVERSION = YES;
				CLANG_WARN_DEPRECATED_OBJC_IMPLEMENTATIONS = YES;
				CLANG_WARN_DIRECT_OBJC_ISA_USAGE = YES_ERROR;
				CLANG_WARN_DOCUMENTATION_COMMENTS = YES;
				CLANG_WARN_EMPTY_BODY = YES;
				CLANG_WARN_ENUM_CONVERSION = YES;
				CLANG_WARN_INFINITE_RECURSION = YES;
				CLANG_WARN_INT_CONVERSION = YES;
				CLANG_WARN_NON_LITERAL_NULL_CONVERSION = YES;
				CLANG_WARN_OBJC_IMPLICIT_RETAIN_SELF = YES;
				CLANG_WARN_OBJC_LITERAL_CONVERSION = YES;
				CLANG_WARN_OBJC_ROOT_CLASS = YES_ERROR;
				CLANG_WARN_QUOTED_INCLUDE_IN_FRAMEWORK_HEADER = YES;
				CLANG_WARN_RANGE_LOOP_ANALYSIS = YES;
				CLANG_WARN_STRICT_PROTOTYPES = YES;
				CLANG_WARN_SUSPICIOUS_MOVE = YES;
				CLANG_WARN_UNGUARDED_AVAILABILITY = YES_AGGRESSIVE;
				CLANG_WARN_UNREACHABLE_CODE = YES;
				CLANG_WARN__DUPLICATE_METHOD_MATCH = YES;
				COPY_PHASE_STRIP = NO;
				DEBUG_INFORMATION_FORMAT = "dwarf-with-dsym";
				ENABLE_NS_ASSERTIONS = NO;
				ENABLE_STRICT_OBJC_MSGSEND = YES;
				GCC_C_LANGUAGE_STANDARD = gnu11;
				GCC_NO_COMMON_BLOCKS = YES;
				GCC_WARN_64_TO_32_BIT_CONVERSION = YES;
				GCC_WARN_ABOUT_RETURN_TYPE = YES_ERROR;
				GCC_WARN_UNDECLARED_SELECTOR = YES;
				GCC_WARN_UNINITIALIZED_AUTOS = YES_AGGRESSIVE;
				GCC_WARN_UNUSED_FUNCTION = YES;
				GCC_WARN_UNUSED_VARIABLE = YES;
				IPHONEOS_DEPLOYMENT_TARGET = 16.4;
				MTL_ENABLE_DEBUG_INFO = NO;
				MTL_FAST_MATH = YES;
				SDKROOT = iphoneos;
				SWIFT_COMPILATION_MODE = wholemodule;
				SWIFT_OPTIMIZATION_LEVEL = "-O";
				VALIDATE_PRODUCT = YES;
			};
			name = Release;
		};
		01B337F52A73CE14007EC591 /* Debug */ = {
			isa = XCBuildConfiguration;
			buildSettings = {
				ASSETCATALOG_COMPILER_APPICON_NAME = AppIcon;
				ASSETCATALOG_COMPILER_GLOBAL_ACCENT_COLOR_NAME = AccentColor;
				CODE_SIGN_STYLE = Automatic;
				CURRENT_PROJECT_VERSION = 1;
				DEVELOPMENT_TEAM = 5H96WHB6AS;
				GENERATE_INFOPLIST_FILE = YES;
				INFOPLIST_FILE = Safe_2/Info.plist;
				INFOPLIST_KEY_UIApplicationSupportsIndirectInputEvents = YES;
				INFOPLIST_KEY_UILaunchStoryboardName = LaunchScreen;
				INFOPLIST_KEY_UISupportedInterfaceOrientations_iPad = "UIInterfaceOrientationPortrait UIInterfaceOrientationPortraitUpsideDown UIInterfaceOrientationLandscapeLeft UIInterfaceOrientationLandscapeRight";
				INFOPLIST_KEY_UISupportedInterfaceOrientations_iPhone = "UIInterfaceOrientationPortrait UIInterfaceOrientationLandscapeLeft UIInterfaceOrientationLandscapeRight";
				LD_RUNPATH_SEARCH_PATHS = (
					"$(inherited)",
					"@executable_path/Frameworks",
				);
				MARKETING_VERSION = 1.0;
				PRODUCT_BUNDLE_IDENTIFIER = "com.Safe-2";
				PRODUCT_NAME = "$(TARGET_NAME)";
				SWIFT_EMIT_LOC_STRINGS = YES;
				SWIFT_VERSION = 5.0;
				TARGETED_DEVICE_FAMILY = "1,2";
			};
			name = Debug;
		};
		01B337F62A73CE14007EC591 /* Release */ = {
			isa = XCBuildConfiguration;
			buildSettings = {
				ASSETCATALOG_COMPILER_APPICON_NAME = AppIcon;
				ASSETCATALOG_COMPILER_GLOBAL_ACCENT_COLOR_NAME = AccentColor;
				CODE_SIGN_STYLE = Automatic;
				CURRENT_PROJECT_VERSION = 1;
				DEVELOPMENT_TEAM = 5H96WHB6AS;
				GENERATE_INFOPLIST_FILE = YES;
				INFOPLIST_FILE = Safe_2/Info.plist;
				INFOPLIST_KEY_UIApplicationSupportsIndirectInputEvents = YES;
				INFOPLIST_KEY_UILaunchStoryboardName = LaunchScreen;
				INFOPLIST_KEY_UISupportedInterfaceOrientations_iPad = "UIInterfaceOrientationPortrait UIInterfaceOrientationPortraitUpsideDown UIInterfaceOrientationLandscapeLeft UIInterfaceOrientationLandscapeRight";
				INFOPLIST_KEY_UISupportedInterfaceOrientations_iPhone = "UIInterfaceOrientationPortrait UIInterfaceOrientationLandscapeLeft UIInterfaceOrientationLandscapeRight";
				LD_RUNPATH_SEARCH_PATHS = (
					"$(inherited)",
					"@executable_path/Frameworks",
				);
				MARKETING_VERSION = 1.0;
				PRODUCT_BUNDLE_IDENTIFIER = "com.Safe-2";
				PRODUCT_NAME = "$(TARGET_NAME)";
				SWIFT_EMIT_LOC_STRINGS = YES;
				SWIFT_VERSION = 5.0;
				TARGETED_DEVICE_FAMILY = "1,2";
			};
			name = Release;
		};
/* End XCBuildConfiguration section */

/* Begin XCConfigurationList section */
		01B337DB2A73CE13007EC591 /* Build configuration list for PBXProject "Safe_2" */ = {
			isa = XCConfigurationList;
			buildConfigurations = (
				01B337F22A73CE14007EC591 /* Debug */,
				01B337F32A73CE14007EC591 /* Release */,
			);
			defaultConfigurationIsVisible = 0;
			defaultConfigurationName = Release;
		};
		01B337F42A73CE14007EC591 /* Build configuration list for PBXNativeTarget "Safe_2" */ = {
			isa = XCConfigurationList;
			buildConfigurations = (
				01B337F52A73CE14007EC591 /* Debug */,
				01B337F62A73CE14007EC591 /* Release */,
			);
			defaultConfigurationIsVisible = 0;
			defaultConfigurationName = Release;
		};
/* End XCConfigurationList section */

/* Begin XCRemoteSwiftPackageReference section */
		016DAE802A8A273A00D53F57 /* XCRemoteSwiftPackageReference "firebase-ios-sdk" */ = {
			isa = XCRemoteSwiftPackageReference;
			repositoryURL = "https://github.com/firebase/firebase-ios-sdk.git";
			requirement = {
				kind = exactVersion;
				version = 10.13.0;
			};
		};
		01A790242A7560F9009E89AE /* XCRemoteSwiftPackageReference "keychain-swift" */ = {
			isa = XCRemoteSwiftPackageReference;
			repositoryURL = "https://github.com/evgenyneu/keychain-swift";
			requirement = {
				kind = upToNextMajorVersion;
				minimumVersion = 20.0.0;
			};
		};
		01EA4CEE2A8D087F00381E63 /* XCRemoteSwiftPackageReference "SwiftKeychainWrapper" */ = {
			isa = XCRemoteSwiftPackageReference;
			repositoryURL = "https://github.com/jrendel/SwiftKeychainWrapper";
			requirement = {
				kind = upToNextMajorVersion;
				minimumVersion = 4.0.0;
			};
		};
		01EA4D372A9371E100381E63 /* XCRemoteSwiftPackageReference "BottomSheet" */ = {
			isa = XCRemoteSwiftPackageReference;
			repositoryURL = "https://github.com/joomcode/BottomSheet";
			requirement = {
				kind = upToNextMajorVersion;
				minimumVersion = 2.0.0;
			};
		};
/* End XCRemoteSwiftPackageReference section */

/* Begin XCSwiftPackageProductDependency section */
		016DAE812A8A273A00D53F57 /* FirebaseAuth */ = {
			isa = XCSwiftPackageProductDependency;
			package = 016DAE802A8A273A00D53F57 /* XCRemoteSwiftPackageReference "firebase-ios-sdk" */;
			productName = FirebaseAuth;
		};
		016DAE832A8A273A00D53F57 /* FirebaseDatabase */ = {
			isa = XCSwiftPackageProductDependency;
			package = 016DAE802A8A273A00D53F57 /* XCRemoteSwiftPackageReference "firebase-ios-sdk" */;
			productName = FirebaseDatabase;
		};
		016DAE852A8A273A00D53F57 /* FirebaseDatabaseSwift */ = {
			isa = XCSwiftPackageProductDependency;
			package = 016DAE802A8A273A00D53F57 /* XCRemoteSwiftPackageReference "firebase-ios-sdk" */;
			productName = FirebaseDatabaseSwift;
		};
		016DAE872A8A273A00D53F57 /* FirebaseFirestore */ = {
			isa = XCSwiftPackageProductDependency;
			package = 016DAE802A8A273A00D53F57 /* XCRemoteSwiftPackageReference "firebase-ios-sdk" */;
			productName = FirebaseFirestore;
		};
		016DAE892A8A273A00D53F57 /* FirebaseFirestoreSwift */ = {
			isa = XCSwiftPackageProductDependency;
			package = 016DAE802A8A273A00D53F57 /* XCRemoteSwiftPackageReference "firebase-ios-sdk" */;
			productName = FirebaseFirestoreSwift;
		};
		016DAE8B2A8A273A00D53F57 /* FirebaseStorage */ = {
			isa = XCSwiftPackageProductDependency;
			package = 016DAE802A8A273A00D53F57 /* XCRemoteSwiftPackageReference "firebase-ios-sdk" */;
			productName = FirebaseStorage;
		};
		016DAE8D2A8A273A00D53F57 /* FirebaseStorageCombine-Community */ = {
			isa = XCSwiftPackageProductDependency;
			package = 016DAE802A8A273A00D53F57 /* XCRemoteSwiftPackageReference "firebase-ios-sdk" */;
			productName = "FirebaseStorageCombine-Community";
		};
		01A790252A7560F9009E89AE /* KeychainSwift */ = {
			isa = XCSwiftPackageProductDependency;
			package = 01A790242A7560F9009E89AE /* XCRemoteSwiftPackageReference "keychain-swift" */;
			productName = KeychainSwift;
		};
		01EA4CEF2A8D087F00381E63 /* SwiftKeychainWrapper */ = {
			isa = XCSwiftPackageProductDependency;
			package = 01EA4CEE2A8D087F00381E63 /* XCRemoteSwiftPackageReference "SwiftKeychainWrapper" */;
			productName = SwiftKeychainWrapper;
		};
		01EA4D382A9371E100381E63 /* BottomSheet */ = {
			isa = XCSwiftPackageProductDependency;
			package = 01EA4D372A9371E100381E63 /* XCRemoteSwiftPackageReference "BottomSheet" */;
			productName = BottomSheet;
		};
/* End XCSwiftPackageProductDependency section */
	};
	rootObject = 01B337D82A73CE13007EC591 /* Project object */;
}
